
Microsoft Visual Studio Solution File, Format Version 12.00
# Visual Studio Version 16
VisualStudioVersion = 16.0.28803.202
MinimumVisualStudioVersion = 10.0.40219.1
Project("{FAE04EC0-301F-11D3-BF4B-00C04F79EFBC}") = "pizdos_c++++", "pizdos_c++++\pizdos_c++++.csproj", "{0A958369-2182-4AAC-99AB-D3751AA2AC70}"
EndProject
Global
	GlobalSection(SolutionConfigurationPlatforms) = preSolution
		Debug|Any CPU = Debug|Any CPU
		Release|Any CPU = Release|Any CPU
	EndGlobalSection
	GlobalSection(ProjectConfigurationPlatforms) = postSolution
		{0A958369-2182-4AAC-99AB-D3751AA2AC70}.Debug|Any CPU.ActiveCfg = Debug|Any CPU
		{0A958369-2182-4AAC-99AB-D3751AA2AC70}.Debug|Any CPU.Build.0 = Debug|Any CPU
		{0A958369-2182-4AAC-99AB-D3751AA2AC70}.Release|Any CPU.ActiveCfg = Release|Any CPU
		{0A958369-2182-4AAC-99AB-D3751AA2AC70}.Release|Any CPU.Build.0 = Release|Any CPU
	EndGlobalSection
	GlobalSection(SolutionProperties) = preSolution
		HideSolutionNode = FALSE
	EndGlobalSection
	GlobalSection(ExtensibilityGlobals) = postSolution
		SolutionGuid = {1046AC17-D9B3-4FE9-B103-9F0BFC7ED7F6}
	EndGlobalSection
EndGlobal
